
Microsoft Visual Studio Solution File, Format Version 12.00
# Visual Studio Version 17
VisualStudioVersion = 17.8.34309.116
MinimumVisualStudioVersion = 10.0.40219.1
Project("{FAE04EC0-301F-11D3-BF4B-00C04F79EFBC}") = "JuegoNaves", "JuegoNaves.csproj", "{005C774B-9BD6-444C-9754-CD5ABD0BAD0A}"
EndProject
Global
	GlobalSection(SolutionConfigurationPlatforms) = preSolution
		Debug|Any CPU = Debug|Any CPU
		Release|Any CPU = Release|Any CPU
	EndGlobalSection
	GlobalSection(ProjectConfigurationPlatforms) = postSolution
		{005C774B-9BD6-444C-9754-CD5ABD0BAD0A}.Debug|Any CPU.ActiveCfg = Debug|Any CPU
		{005C774B-9BD6-444C-9754-CD5ABD0BAD0A}.Debug|Any CPU.Build.0 = Debug|Any CPU
		{005C774B-9BD6-444C-9754-CD5ABD0BAD0A}.Release|Any CPU.ActiveCfg = Release|Any CPU
		{005C774B-9BD6-444C-9754-CD5ABD0BAD0A}.Release|Any CPU.Build.0 = Release|Any CPU
	EndGlobalSection
	GlobalSection(SolutionProperties) = preSolution
		HideSolutionNode = FALSE
	EndGlobalSection
	GlobalSection(ExtensibilityGlobals) = postSolution
		SolutionGuid = {ABA3AE82-E320-49D4-B350-C49CE71486FB}
	EndGlobalSection
EndGlobal
